# THIS IS AN AUTOGENERATED FILE. DO NOT EDIT THIS FILE DIRECTLY.
# yarn lockfile v1


"@types/node@^10.0.0":
  version "10.17.21"
  resolved "https://registry.yarnpkg.com/@types/node/-/node-10.17.21.tgz#c00e9603399126925806bed2d9a1e37da506965e"
  integrity sha512-PQKsydPxYxF1DsAFWmunaxd3sOi3iMt6Zmx/tgaagHYmwJ/9cRH91hQkeJZaUGWbvn0K5HlSVEXkn5U/llWPpQ==

nan@^2.14.0:
  version "2.14.1"
  resolved "https://registry.yarnpkg.com/nan/-/nan-2.14.1.tgz#d7be34dfa3105b91494c3147089315eff8874b01"
  integrity sha512-isWHgVjnFjh2x2yuJ/tj3JbwoHu3UC2dX5G/88Cm24yB6YopVgxvBObDY7n5xW6ExmFhJpSEQqFPvq9zaXc8Jw==

pcap@^3.1.0:
  version "3.1.0"
  resolved "https://registry.yarnpkg.com/pcap/-/pcap-3.1.0.tgz#da89ba48c936e0cd7e4613626b745b1e157052fb"
  integrity sha512-bTmjruLZBmmlAc+wougRbKVzspUA4bqi505v70W/dQErmdiLs8n5pNc1Z41lj8TAkZG6GZD/1mMY0VC+uj/PBQ==
  dependencies:
    "@types/node" "^10.0.0"
    nan "^2.14.0"
